
Microsoft Visual Studio Solution File, Format Version 12.00
# Visual Studio Version 17
VisualStudioVersion = 17.6.33712.159
MinimumVisualStudioVersion = 10.0.40219.1
Project("{FAE04EC0-301F-11D3-BF4B-00C04F79EFBC}") = "AiiaDemoSignalR", "AiiaDemoSignalR\AiiaDemoSignalR.csproj", "{688748A8-8F30-4867-A58F-937DFAFCD89B}"
EndProject
Global
	GlobalSection(SolutionConfigurationPlatforms) = preSolution
		Debug|Any CPU = Debug|Any CPU
		Release|Any CPU = Release|Any CPU
	EndGlobalSection
	GlobalSection(ProjectConfigurationPlatforms) = postSolution
		{688748A8-8F30-4867-A58F-937DFAFCD89B}.Debug|Any CPU.ActiveCfg = Debug|Any CPU
		{688748A8-8F30-4867-A58F-937DFAFCD89B}.Debug|Any CPU.Build.0 = Debug|Any CPU
		{688748A8-8F30-4867-A58F-937DFAFCD89B}.Release|Any CPU.ActiveCfg = Release|Any CPU
		{688748A8-8F30-4867-A58F-937DFAFCD89B}.Release|Any CPU.Build.0 = Release|Any CPU
	EndGlobalSection
	GlobalSection(SolutionProperties) = preSolution
		HideSolutionNode = FALSE
	EndGlobalSection
	GlobalSection(ExtensibilityGlobals) = postSolution
		SolutionGuid = {FD686AB4-6931-4E64-AEAD-BC479A2517DA}
	EndGlobalSection
EndGlobal
